
Microsoft Visual Studio Solution File, Format Version 12.00
# Visual Studio Version 16
VisualStudioVersion = 16.0.31229.75
MinimumVisualStudioVersion = 10.0.40219.1
Project("{8BC9CEB8-8B4A-11D0-8D11-00A0C91BC942}") = "VS2017-CLE", "VS2017-CLE\VS2017-CLE.vcxproj", "{D01EE458-745E-452C-8D7B-17B294D089CB}"
	ProjectSection(ProjectDependencies) = postProject
		{A550B803-BB90-4E94-9E7E-4FA535D8F5AE} = {A550B803-BB90-4E94-9E7E-4FA535D8F5AE}
	EndProjectSection
EndProject
Project("{8BC9CEB8-8B4A-11D0-8D11-00A0C91BC942}") = "VS2017-DLL", "VS2017-DLL\VS2017-DLL.vcxproj", "{A550B803-BB90-4E94-9E7E-4FA535D8F5AE}"
EndProject
Global
	GlobalSection(SolutionConfigurationPlatforms) = preSolution
		Debug|x64 = Debug|x64
		Debug|x86 = Debug|x86
		Release|x64 = Release|x64
		Release|x86 = Release|x86
	EndGlobalSection
	GlobalSection(ProjectConfigurationPlatforms) = postSolution
		{D01EE458-745E-452C-8D7B-17B294D089CB}.Debug|x64.ActiveCfg = Debug|x64
		{D01EE458-745E-452C-8D7B-17B294D089CB}.Debug|x64.Build.0 = Debug|x64
		{D01EE458-745E-452C-8D7B-17B294D089CB}.Debug|x86.ActiveCfg = Debug|Win32
		{D01EE458-745E-452C-8D7B-17B294D089CB}.Debug|x86.Build.0 = Debug|Win32
		{D01EE458-745E-452C-8D7B-17B294D089CB}.Release|x64.ActiveCfg = Release|x64
		{D01EE458-745E-452C-8D7B-17B294D089CB}.Release|x64.Build.0 = Release|x64
		{D01EE458-745E-452C-8D7B-17B294D089CB}.Release|x86.ActiveCfg = Release|Win32
		{D01EE458-745E-452C-8D7B-17B294D089CB}.Release|x86.Build.0 = Release|Win32
		{A550B803-BB90-4E94-9E7E-4FA535D8F5AE}.Debug|x64.ActiveCfg = Debug|x64
		{A550B803-BB90-4E94-9E7E-4FA535D8F5AE}.Debug|x64.Build.0 = Debug|x64
		{A550B803-BB90-4E94-9E7E-4FA535D8F5AE}.Debug|x86.ActiveCfg = Debug|Win32
		{A550B803-BB90-4E94-9E7E-4FA535D8F5AE}.Debug|x86.Build.0 = Debug|Win32
		{A550B803-BB90-4E94-9E7E-4FA535D8F5AE}.Release|x64.ActiveCfg = Release|x64
		{A550B803-BB90-4E94-9E7E-4FA535D8F5AE}.Release|x64.Build.0 = Release|x64
		{A550B803-BB90-4E94-9E7E-4FA535D8F5AE}.Release|x86.ActiveCfg = Release|Win32
		{A550B803-BB90-4E94-9E7E-4FA535D8F5AE}.Release|x86.Build.0 = Release|Win32
	EndGlobalSection
	GlobalSection(SolutionProperties) = preSolution
		HideSolutionNode = FALSE
	EndGlobalSection
	GlobalSection(ExtensibilityGlobals) = postSolution
		SolutionGuid = {42AC0931-9456-49D9-9B3D-4F66C720A9AD}
	EndGlobalSection
EndGlobal
